
Microsoft Visual Studio Solution File, Format Version 12.00
# Visual Studio Version 17
VisualStudioVersion = 17.11.35312.102
MinimumVisualStudioVersion = 10.0.40219.1
Project("{FAE04EC0-301F-11D3-BF4B-00C04F79EFBC}") = "Oop Week3", "Oop Week3\Oop Week3.csproj", "{B32EE60C-9E72-4412-AB50-6517BE4C49F4}"
EndProject
Global
	GlobalSection(SolutionConfigurationPlatforms) = preSolution
		Debug|Any CPU = Debug|Any CPU
		Release|Any CPU = Release|Any CPU
	EndGlobalSection
	GlobalSection(ProjectConfigurationPlatforms) = postSolution
		{B32EE60C-9E72-4412-AB50-6517BE4C49F4}.Debug|Any CPU.ActiveCfg = Debug|Any CPU
		{B32EE60C-9E72-4412-AB50-6517BE4C49F4}.Debug|Any CPU.Build.0 = Debug|Any CPU
		{B32EE60C-9E72-4412-AB50-6517BE4C49F4}.Release|Any CPU.ActiveCfg = Release|Any CPU
		{B32EE60C-9E72-4412-AB50-6517BE4C49F4}.Release|Any CPU.Build.0 = Release|Any CPU
	EndGlobalSection
	GlobalSection(SolutionProperties) = preSolution
		HideSolutionNode = FALSE
	EndGlobalSection
	GlobalSection(ExtensibilityGlobals) = postSolution
		SolutionGuid = {182E3EBA-C195-4A2A-B341-8E2AB850B865}
	EndGlobalSection
EndGlobal
